
Microsoft Visual Studio Solution File, Format Version 12.00
# Visual Studio Version 17
VisualStudioVersion = 17.0.31903.59
MinimumVisualStudioVersion = 10.0.40219.1
Project("{FAE04EC0-301F-11D3-BF4B-00C04F79EFBC}") = "IncidentAPI", "IncidentAPI\IncidentAPI.csproj", "{88300CED-8882-4E29-AF69-A9CDDB70AEB3}"
EndProject
Project("{FAE04EC0-301F-11D3-BF4B-00C04F79EFBC}") = "Incident.Application", "Incident.Application\Incident.Application.csproj", "{65150BDD-5A6A-40B9-A3F8-65889DD441BB}"
EndProject
Project("{FAE04EC0-301F-11D3-BF4B-00C04F79EFBC}") = "Incident.Domain", "Incident.Domain\Incident.Domain.csproj", "{689EEDD9-CA44-4F97-B9F2-44D580464E06}"
EndProject
Project("{FAE04EC0-301F-11D3-BF4B-00C04F79EFBC}") = "Incident.Infrastructure", "Incident.Infrastructure\Incident.Infrastructure.csproj", "{5D364151-74C9-4518-B79C-BCEB495F7819}"
EndProject
Global
	GlobalSection(SolutionConfigurationPlatforms) = preSolution
		Debug|Any CPU = Debug|Any CPU
		Release|Any CPU = Release|Any CPU
	EndGlobalSection
	GlobalSection(SolutionProperties) = preSolution
		HideSolutionNode = FALSE
	EndGlobalSection
	GlobalSection(ProjectConfigurationPlatforms) = postSolution
		{88300CED-8882-4E29-AF69-A9CDDB70AEB3}.Debug|Any CPU.ActiveCfg = Debug|Any CPU
		{88300CED-8882-4E29-AF69-A9CDDB70AEB3}.Debug|Any CPU.Build.0 = Debug|Any CPU
		{88300CED-8882-4E29-AF69-A9CDDB70AEB3}.Release|Any CPU.ActiveCfg = Release|Any CPU
		{88300CED-8882-4E29-AF69-A9CDDB70AEB3}.Release|Any CPU.Build.0 = Release|Any CPU
		{65150BDD-5A6A-40B9-A3F8-65889DD441BB}.Debug|Any CPU.ActiveCfg = Debug|Any CPU
		{65150BDD-5A6A-40B9-A3F8-65889DD441BB}.Debug|Any CPU.Build.0 = Debug|Any CPU
		{65150BDD-5A6A-40B9-A3F8-65889DD441BB}.Release|Any CPU.ActiveCfg = Release|Any CPU
		{65150BDD-5A6A-40B9-A3F8-65889DD441BB}.Release|Any CPU.Build.0 = Release|Any CPU
		{689EEDD9-CA44-4F97-B9F2-44D580464E06}.Debug|Any CPU.ActiveCfg = Debug|Any CPU
		{689EEDD9-CA44-4F97-B9F2-44D580464E06}.Debug|Any CPU.Build.0 = Debug|Any CPU
		{689EEDD9-CA44-4F97-B9F2-44D580464E06}.Release|Any CPU.ActiveCfg = Release|Any CPU
		{689EEDD9-CA44-4F97-B9F2-44D580464E06}.Release|Any CPU.Build.0 = Release|Any CPU
		{5D364151-74C9-4518-B79C-BCEB495F7819}.Debug|Any CPU.ActiveCfg = Debug|Any CPU
		{5D364151-74C9-4518-B79C-BCEB495F7819}.Debug|Any CPU.Build.0 = Debug|Any CPU
		{5D364151-74C9-4518-B79C-BCEB495F7819}.Release|Any CPU.ActiveCfg = Release|Any CPU
		{5D364151-74C9-4518-B79C-BCEB495F7819}.Release|Any CPU.Build.0 = Release|Any CPU
	EndGlobalSection
EndGlobal
